Microsoft Visual Studio Solution File, Format Version 12.00
# Visual Studio 14
VisualStudioVersion = 14.0.25420.1
MinimumVisualStudioVersion = 10.0.40219.1
Project("{2150E333-8FDC-42A3-9474-1A3956D46DE8}") = "demo", "demo", "{8E0AFFBD-875C-4073-B2FB-014053D3BF2B}"
EndProject
Project("{FAE04EC0-301F-11D3-BF4B-00C04F79EFBC}") = "Naxam.Effects", "Naxam.Effects\Naxam.Effects.csproj", "{91C6EF7A-52AE-4461-B3C8-513BCDBC7DBC}"
EndProject
Project("{FAE04EC0-301F-11D3-BF4B-00C04F79EFBC}") = "Naxam.Effects.Platform.iOS", "Naxam.Effects.Platform.iOS\Naxam.Effects.Platform.iOS.csproj", "{4B2DA32F-FD25-456D-92C3-98F3B8002D59}"
EndProject
Project("{FAE04EC0-301F-11D3-BF4B-00C04F79EFBC}") = "Naxam.Effects.Platform.Droid", "Naxam.Effects.Platform.Droid\Naxam.Effects.Platform.Droid.csproj", "{4ED19CD5-3C3A-4D50-8E90-5AA3505D64E1}"
EndProject
Project("{2150E333-8FDC-42A3-9474-1A3956D46DE8}") = "effects", "effects", "{46A5254F-5531-47D1-8746-DFA18E1C317F}"
EndProject
Project("{FAE04EC0-301F-11D3-BF4B-00C04F79EFBC}") = "Naxam.Effects.Demo.Android", "demo\Naxam.Effects.Demo\Naxam.Effects.Demo.Android\Naxam.Effects.Demo.Android.csproj", "{91970960-0E03-43EF-AF2C-B524BAEC921A}"
EndProject
Project("{FAE04EC0-301F-11D3-BF4B-00C04F79EFBC}") = "Naxam.Effects.Demo", "demo\Naxam.Effects.Demo\Naxam.Effects.Demo\Naxam.Effects.Demo.csproj", "{C15081BF-0C93-49D3-947C-6B36D611517D}"
EndProject
Project("{FAE04EC0-301F-11D3-BF4B-00C04F79EFBC}") = "Naxam.Effects.Demo.UWP", "demo\Naxam.Effects.Demo\Naxam.Effects.Demo.UWP\Naxam.Effects.Demo.UWP.csproj", "{1EA914FF-EAE6-4A19-9796-AC4EAC23674D}"
EndProject
Project("{FAE04EC0-301F-11D3-BF4B-00C04F79EFBC}") = "Naxam.Effects.Demo.iOS", "demo\Naxam.Effects.Demo\Naxam.Effects.Demo.iOS\Naxam.Effects.Demo.iOS.csproj", "{99B1CDBD-3B14-40A7-ADDF-261E1EF0DF4D}"
EndProject
Project("{FAE04EC0-301F-11D3-BF4B-00C04F79EFBC}") = "Naxam.Effects.Platform.Uwp", "Naxam.Effects.Platform.Uwp\Naxam.Effects.Platform.Uwp.csproj", "{87D3059C-3E5A-440A-9E41-1D812540B074}"
EndProject
Global
	GlobalSection(SolutionConfigurationPlatforms) = preSolution
		Ad-Hoc|Any CPU = Ad-Hoc|Any CPU
		Ad-Hoc|ARM = Ad-Hoc|ARM
		Ad-Hoc|iPhone = Ad-Hoc|iPhone
		Ad-Hoc|iPhoneSimulator = Ad-Hoc|iPhoneSimulator
		Ad-Hoc|x64 = Ad-Hoc|x64
		Ad-Hoc|x86 = Ad-Hoc|x86
		AppStore|Any CPU = AppStore|Any CPU
		AppStore|ARM = AppStore|ARM
		AppStore|iPhone = AppStore|iPhone
		AppStore|iPhoneSimulator = AppStore|iPhoneSimulator
		AppStore|x64 = AppStore|x64
		AppStore|x86 = AppStore|x86
		Debug|Any CPU = Debug|Any CPU
		Debug|ARM = Debug|ARM
		Debug|iPhone = Debug|iPhone
		Debug|iPhoneSimulator = Debug|iPhoneSimulator
		Debug|x64 = Debug|x64
		Debug|x86 = Debug|x86
		Debug-Mock|Any CPU = Debug-Mock|Any CPU
		Debug-Mock|ARM = Debug-Mock|ARM
		Debug-Mock|iPhone = Debug-Mock|iPhone
		Debug-Mock|iPhoneSimulator = Debug-Mock|iPhoneSimulator
		Debug-Mock|x64 = Debug-Mock|x64
		Debug-Mock|x86 = Debug-Mock|x86
		Release|Any CPU = Release|Any CPU
		Release|ARM = Release|ARM
		Release|iPhone = Release|iPhone
		Release|iPhoneSimulator = Release|iPhoneSimulator
		Release|x64 = Release|x64
		Release|x86 = Release|x86
	EndGlobalSection
	GlobalSection(ProjectConfigurationPlatforms) = postSolution
		{91C6EF7A-52AE-4461-B3C8-513BCDBC7DBC}.Ad-Hoc|Any CPU.ActiveCfg = Release|Any CPU
		{91C6EF7A-52AE-4461-B3C8-513BCDBC7DBC}.Ad-Hoc|Any CPU.Build.0 = Release|Any CPU
		{91C6EF7A-52AE-4461-B3C8-513BCDBC7DBC}.Ad-Hoc|ARM.ActiveCfg = Release|Any CPU
		{91C6EF7A-52AE-4461-B3C8-513BCDBC7DBC}.Ad-Hoc|ARM.Build.0 = Release|Any CPU
		{91C6EF7A-52AE-4461-B3C8-513BCDBC7DBC}.Ad-Hoc|iPhone.ActiveCfg = Release|Any CPU
		{91C6EF7A-52AE-4461-B3C8-513BCDBC7DBC}.Ad-Hoc|iPhone.Build.0 = Release|Any CPU
		{91C6EF7A-52AE-4461-B3C8-513BCDBC7DBC}.Ad-Hoc|iPhoneSimulator.ActiveCfg = Release|Any CPU
		{91C6EF7A-52AE-4461-B3C8-513BCDBC7DBC}.Ad-Hoc|iPhoneSimulator.Build.0 = Release|Any CPU
		{91C6EF7A-52AE-4461-B3C8-513BCDBC7DBC}.Ad-Hoc|x64.ActiveCfg = Release|Any CPU
		{91C6EF7A-52AE-4461-B3C8-513BCDBC7DBC}.Ad-Hoc|x64.Build.0 = Release|Any CPU
		{91C6EF7A-52AE-4461-B3C8-513BCDBC7DBC}.Ad-Hoc|x86.ActiveCfg = Release|Any CPU
		{91C6EF7A-52AE-4461-B3C8-513BCDBC7DBC}.Ad-Hoc|x86.Build.0 = Release|Any CPU
		{91C6EF7A-52AE-4461-B3C8-513BCDBC7DBC}.AppStore|Any CPU.ActiveCfg = Release|Any CPU
		{91C6EF7A-52AE-4461-B3C8-513BCDBC7DBC}.AppStore|Any CPU.Build.0 = Release|Any CPU
		{91C6EF7A-52AE-4461-B3C8-513BCDBC7DBC}.AppStore|ARM.ActiveCfg = Release|Any CPU
		{91C6EF7A-52AE-4461-B3C8-513BCDBC7DBC}.AppStore|ARM.Build.0 = Release|Any CPU
		{91C6EF7A-52AE-4461-B3C8-513BCDBC7DBC}.AppStore|iPhone.ActiveCfg = Release|Any CPU
		{91C6EF7A-52AE-4461-B3C8-513BCDBC7DBC}.AppStore|iPhone.Build.0 = Release|Any CPU
		{91C6EF7A-52AE-4461-B3C8-513BCDBC7DBC}.AppStore|iPhoneSimulator.ActiveCfg = Release|Any CPU
		{91C6EF7A-52AE-4461-B3C8-513BCDBC7DBC}.AppStore|iPhoneSimulator.Build.0 = Release|Any CPU
		{91C6EF7A-52AE-4461-B3C8-513BCDBC7DBC}.AppStore|x64.ActiveCfg = Release|Any CPU
		{91C6EF7A-52AE-4461-B3C8-513BCDBC7DBC}.AppStore|x64.Build.0 = Release|Any CPU
		{91C6EF7A-52AE-4461-B3C8-513BCDBC7DBC}.AppStore|x86.ActiveCfg = Release|Any CPU
		{91C6EF7A-52AE-4461-B3C8-513BCDBC7DBC}.AppStore|x86.Build.0 = Release|Any CPU
		{91C6EF7A-52AE-4461-B3C8-513BCDBC7DBC}.Debug|Any CPU.ActiveCfg = Debug|Any CPU
		{91C6EF7A-52AE-4461-B3C8-513BCDBC7DBC}.Debug|Any CPU.Build.0 = Debug|Any CPU
		{91C6EF7A-52AE-4461-B3C8-513BCDBC7DBC}.Debug|ARM.ActiveCfg = Debug|Any CPU
		{91C6EF7A-52AE-4461-B3C8-513BCDBC7DBC}.Debug|ARM.Build.0 = Debug|Any CPU
		{91C6EF7A-52AE-4461-B3C8-513BCDBC7DBC}.Debug|iPhone.ActiveCfg = Debug|Any CPU
		{91C6EF7A-52AE-4461-B3C8-513BCDBC7DBC}.Debug|iPhone.Build.0 = Debug|Any CPU
		{91C6EF7A-52AE-4461-B3C8-513BCDBC7DBC}.Debug|iPhoneSimulator.ActiveCfg = Debug|Any CPU
		{91C6EF7A-52AE-4461-B3C8-513BCDBC7DBC}.Debug|iPhoneSimulator.Build.0 = Debug|Any CPU
		{91C6EF7A-52AE-4461-B3C8-513BCDBC7DBC}.Debug|x64.ActiveCfg = Debug|Any CPU
		{91C6EF7A-52AE-4461-B3C8-513BCDBC7DBC}.Debug|x64.Build.0 = Debug|Any CPU
		{91C6EF7A-52AE-4461-B3C8-513BCDBC7DBC}.Debug|x86.ActiveCfg = Debug|Any CPU
		{91C6EF7A-52AE-4461-B3C8-513BCDBC7DBC}.Debug|x86.Build.0 = Debug|Any CPU
		{91C6EF7A-52AE-4461-B3C8-513BCDBC7DBC}.Debug-Mock|Any CPU.ActiveCfg = Debug|Any CPU
		{91C6EF7A-52AE-4461-B3C8-513BCDBC7DBC}.Debug-Mock|Any CPU.Build.0 = Debug|Any CPU
		{91C6EF7A-52AE-4461-B3C8-513BCDBC7DBC}.Debug-Mock|ARM.ActiveCfg = Debug|Any CPU
		{91C6EF7A-52AE-4461-B3C8-513BCDBC7DBC}.Debug-Mock|ARM.Build.0 = Debug|Any CPU
		{91C6EF7A-52AE-4461-B3C8-513BCDBC7DBC}.Debug-Mock|iPhone.ActiveCfg = Debug|Any CPU
		{91C6EF7A-52AE-4461-B3C8-513BCDBC7DBC}.Debug-Mock|iPhone.Build.0 = Debug|Any CPU
		{91C6EF7A-52AE-4461-B3C8-513BCDBC7DBC}.Debug-Mock|iPhoneSimulator.ActiveCfg = Debug|Any CPU
		{91C6EF7A-52AE-4461-B3C8-513BCDBC7DBC}.Debug-Mock|iPhoneSimulator.Build.0 = Debug|Any CPU
		{91C6EF7A-52AE-4461-B3C8-513BCDBC7DBC}.Debug-Mock|x64.ActiveCfg = Debug|Any CPU
		{91C6EF7A-52AE-4461-B3C8-513BCDBC7DBC}.Debug-Mock|x64.Build.0 = Debug|Any CPU
		{91C6EF7A-52AE-4461-B3C8-513BCDBC7DBC}.Debug-Mock|x86.ActiveCfg = Debug|Any CPU
		{91C6EF7A-52AE-4461-B3C8-513BCDBC7DBC}.Debug-Mock|x86.Build.0 = Debug|Any CPU
		{91C6EF7A-52AE-4461-B3C8-513BCDBC7DBC}.Release|Any CPU.ActiveCfg = Release|Any CPU
		{91C6EF7A-52AE-4461-B3C8-513BCDBC7DBC}.Release|Any CPU.Build.0 = Release|Any CPU
		{91C6EF7A-52AE-4461-B3C8-513BCDBC7DBC}.Release|ARM.ActiveCfg = Release|Any CPU
		{91C6EF7A-52AE-4461-B3C8-513BCDBC7DBC}.Release|ARM.Build.0 = Release|Any CPU
		{91C6EF7A-52AE-4461-B3C8-513BCDBC7DBC}.Release|iPhone.ActiveCfg = Release|Any CPU
		{91C6EF7A-52AE-4461-B3C8-513BCDBC7DBC}.Release|iPhone.Build.0 = Release|Any CPU
		{91C6EF7A-52AE-4461-B3C8-513BCDBC7DBC}.Release|iPhoneSimulator.ActiveCfg = Release|Any CPU
		{91C6EF7A-52AE-4461-B3C8-513BCDBC7DBC}.Release|iPhoneSimulator.Build.0 = Release|Any CPU
		{91C6EF7A-52AE-4461-B3C8-513BCDBC7DBC}.Release|x64.ActiveCfg = Release|Any CPU
		{91C6EF7A-52AE-4461-B3C8-513BCDBC7DBC}.Release|x64.Build.0 = Release|Any CPU
		{91C6EF7A-52AE-4461-B3C8-513BCDBC7DBC}.Release|x86.ActiveCfg = Release|Any CPU
		{91C6EF7A-52AE-4461-B3C8-513BCDBC7DBC}.Release|x86.Build.0 = Release|Any CPU
		{4B2DA32F-FD25-456D-92C3-98F3B8002D59}.Ad-Hoc|Any CPU.ActiveCfg = Release|Any CPU
		{4B2DA32F-FD25-456D-92C3-98F3B8002D59}.Ad-Hoc|Any CPU.Build.0 = Release|Any CPU
		{4B2DA32F-FD25-456D-92C3-98F3B8002D59}.Ad-Hoc|ARM.ActiveCfg = Release|Any CPU
		{4B2DA32F-FD25-456D-92C3-98F3B8002D59}.Ad-Hoc|ARM.Build.0 = Release|Any CPU
		{4B2DA32F-FD25-456D-92C3-98F3B8002D59}.Ad-Hoc|iPhone.ActiveCfg = Release|Any CPU
		{4B2DA32F-FD25-456D-92C3-98F3B8002D59}.Ad-Hoc|iPhone.Build.0 = Release|Any CPU
		{4B2DA32F-FD25-456D-92C3-98F3B8002D59}.Ad-Hoc|iPhoneSimulator.ActiveCfg = Release|Any CPU
		{4B2DA32F-FD25-456D-92C3-98F3B8002D59}.Ad-Hoc|iPhoneSimulator.Build.0 = Release|Any CPU
		{4B2DA32F-FD25-456D-92C3-98F3B8002D59}.Ad-Hoc|x64.ActiveCfg = Release|Any CPU
		{4B2DA32F-FD25-456D-92C3-98F3B8002D59}.Ad-Hoc|x64.Build.0 = Release|Any CPU
		{4B2DA32F-FD25-456D-92C3-98F3B8002D59}.Ad-Hoc|x86.ActiveCfg = Release|Any CPU
		{4B2DA32F-FD25-456D-92C3-98F3B8002D59}.Ad-Hoc|x86.Build.0 = Release|Any CPU
		{4B2DA32F-FD25-456D-92C3-98F3B8002D59}.AppStore|Any CPU.ActiveCfg = Release|Any CPU
		{4B2DA32F-FD25-456D-92C3-98F3B8002D59}.AppStore|Any CPU.Build.0 = Release|Any CPU
		{4B2DA32F-FD25-456D-92C3-98F3B8002D59}.AppStore|ARM.ActiveCfg = Release|Any CPU
		{4B2DA32F-FD25-456D-92C3-98F3B8002D59}.AppStore|ARM.Build.0 = Release|Any CPU
		{4B2DA32F-FD25-456D-92C3-98F3B8002D59}.AppStore|iPhone.ActiveCfg = Release|Any CPU
		{4B2DA32F-FD25-456D-92C3-98F3B8002D59}.AppStore|iPhone.Build.0 = Release|Any CPU
		{4B2DA32F-FD25-456D-92C3-98F3B8002D59}.AppStore|iPhoneSimulator.ActiveCfg = Release|Any CPU
		{4B2DA32F-FD25-456D-92C3-98F3B8002D59}.AppStore|iPhoneSimulator.Build.0 = Release|Any CPU
		{4B2DA32F-FD25-456D-92C3-98F3B8002D59}.AppStore|x64.ActiveCfg = Release|Any CPU
		{4B2DA32F-FD25-456D-92C3-98F3B8002D59}.AppStore|x64.Build.0 = Release|Any CPU
		{4B2DA32F-FD25-456D-92C3-98F3B8002D59}.AppStore|x86.ActiveCfg = Release|Any CPU
		{4B2DA32F-FD25-456D-92C3-98F3B8002D59}.AppStore|x86.Build.0 = Release|Any CPU
		{4B2DA32F-FD25-456D-92C3-98F3B8002D59}.Debug|Any CPU.ActiveCfg = Debug|Any CPU
		{4B2DA32F-FD25-456D-92C3-98F3B8002D59}.Debug|Any CPU.Build.0 = Debug|Any CPU
		{4B2DA32F-FD25-456D-92C3-98F3B8002D59}.Debug|ARM.ActiveCfg = Debug|Any CPU
		{4B2DA32F-FD25-456D-92C3-98F3B8002D59}.Debug|ARM.Build.0 = Debug|Any CPU
		{4B2DA32F-FD25-456D-92C3-98F3B8002D59}.Debug|iPhone.ActiveCfg = Debug|Any CPU
		{4B2DA32F-FD25-456D-92C3-98F3B8002D59}.Debug|iPhone.Build.0 = Debug|Any CPU
		{4B2DA32F-FD25-456D-92C3-98F3B8002D59}.Debug|iPhoneSimulator.ActiveCfg = Debug|Any CPU
		{4B2DA32F-FD25-456D-92C3-98F3B8002D59}.Debug|iPhoneSimulator.Build.0 = Debug|Any CPU
		{4B2DA32F-FD25-456D-92C3-98F3B8002D59}.Debug|x64.ActiveCfg = Debug|Any CPU
		{4B2DA32F-FD25-456D-92C3-98F3B8002D59}.Debug|x64.Build.0 = Debug|Any CPU
		{4B2DA32F-FD25-456D-92C3-98F3B8002D59}.Debug|x86.ActiveCfg = Debug|Any CPU
		{4B2DA32F-FD25-456D-92C3-98F3B8002D59}.Debug|x86.Build.0 = Debug|Any CPU
		{4B2DA32F-FD25-456D-92C3-98F3B8002D59}.Debug-Mock|Any CPU.ActiveCfg = Debug|Any CPU
		{4B2DA32F-FD25-456D-92C3-98F3B8002D59}.Debug-Mock|Any CPU.Build.0 = Debug|Any CPU
		{4B2DA32F-FD25-456D-92C3-98F3B8002D59}.Debug-Mock|ARM.ActiveCfg = Debug|Any CPU
		{4B2DA32F-FD25-456D-92C3-98F3B8002D59}.Debug-Mock|ARM.Build.0 = Debug|Any CPU
		{4B2DA32F-FD25-456D-92C3-98F3B8002D59}.Debug-Mock|iPhone.ActiveCfg = Debug|Any CPU
		{4B2DA32F-FD25-456D-92C3-98F3B8002D59}.Debug-Mock|iPhone.Build.0 = Debug|Any CPU
		{4B2DA32F-FD25-456D-92C3-98F3B8002D59}.Debug-Mock|iPhoneSimulator.ActiveCfg = Debug|Any CPU
		{4B2DA32F-FD25-456D-92C3-98F3B8002D59}.Debug-Mock|iPhoneSimulator.Build.0 = Debug|Any CPU
		{4B2DA32F-FD25-456D-92C3-98F3B8002D59}.Debug-Mock|x64.ActiveCfg = Debug|Any CPU
		{4B2DA32F-FD25-456D-92C3-98F3B8002D59}.Debug-Mock|x64.Build.0 = Debug|Any CPU
		{4B2DA32F-FD25-456D-92C3-98F3B8002D59}.Debug-Mock|x86.ActiveCfg = Debug|Any CPU
		{4B2DA32F-FD25-456D-92C3-98F3B8002D59}.Debug-Mock|x86.Build.0 = Debug|Any CPU
		{4B2DA32F-FD25-456D-92C3-98F3B8002D59}.Release|Any CPU.ActiveCfg = Release|Any CPU
		{4B2DA32F-FD25-456D-92C3-98F3B8002D59}.Release|Any CPU.Build.0 = Release|Any CPU
		{4B2DA32F-FD25-456D-92C3-98F3B8002D59}.Release|ARM.ActiveCfg = Release|Any CPU
		{4B2DA32F-FD25-456D-92C3-98F3B8002D59}.Release|ARM.Build.0 = Release|Any CPU
		{4B2DA32F-FD25-456D-92C3-98F3B8002D59}.Release|iPhone.ActiveCfg = Release|Any CPU
		{4B2DA32F-FD25-456D-92C3-98F3B8002D59}.Release|iPhone.Build.0 = Release|Any CPU
		{4B2DA32F-FD25-456D-92C3-98F3B8002D59}.Release|iPhoneSimulator.ActiveCfg = Release|Any CPU
		{4B2DA32F-FD25-456D-92C3-98F3B8002D59}.Release|iPhoneSimulator.Build.0 = Release|Any CPU
		{4B2DA32F-FD25-456D-92C3-98F3B8002D59}.Release|x64.ActiveCfg = Release|Any CPU
		{4B2DA32F-FD25-456D-92C3-98F3B8002D59}.Release|x64.Build.0 = Release|Any CPU
		{4B2DA32F-FD25-456D-92C3-98F3B8002D59}.Release|x86.ActiveCfg = Release|Any CPU
		{4B2DA32F-FD25-456D-92C3-98F3B8002D59}.Release|x86.Build.0 = Release|Any CPU
		{4ED19CD5-3C3A-4D50-8E90-5AA3505D64E1}.Ad-Hoc|Any CPU.ActiveCfg = Release|Any CPU
		{4ED19CD5-3C3A-4D50-8E90-5AA3505D64E1}.Ad-Hoc|Any CPU.Build.0 = Release|Any CPU
		{4ED19CD5-3C3A-4D50-8E90-5AA3505D64E1}.Ad-Hoc|ARM.ActiveCfg = Release|Any CPU
		{4ED19CD5-3C3A-4D50-8E90-5AA3505D64E1}.Ad-Hoc|ARM.Build.0 = Release|Any CPU
		{4ED19CD5-3C3A-4D50-8E90-5AA3505D64E1}.Ad-Hoc|iPhone.ActiveCfg = Release|Any CPU
		{4ED19CD5-3C3A-4D50-8E90-5AA3505D64E1}.Ad-Hoc|iPhone.Build.0 = Release|Any CPU
		{4ED19CD5-3C3A-4D50-8E90-5AA3505D64E1}.Ad-Hoc|iPhoneSimulator.ActiveCfg = Release|Any CPU
		{4ED19CD5-3C3A-4D50-8E90-5AA3505D64E1}.Ad-Hoc|iPhoneSimulator.Build.0 = Release|Any CPU
		{4ED19CD5-3C3A-4D50-8E90-5AA3505D64E1}.Ad-Hoc|x64.ActiveCfg = Release|Any CPU
		{4ED19CD5-3C3A-4D50-8E90-5AA3505D64E1}.Ad-Hoc|x64.Build.0 = Release|Any CPU
		{4ED19CD5-3C3A-4D50-8E90-5AA3505D64E1}.Ad-Hoc|x86.ActiveCfg = Release|Any CPU
		{4ED19CD5-3C3A-4D50-8E90-5AA3505D64E1}.Ad-Hoc|x86.Build.0 = Release|Any CPU
		{4ED19CD5-3C3A-4D50-8E90-5AA3505D64E1}.AppStore|Any CPU.ActiveCfg = Release|Any CPU
		{4ED19CD5-3C3A-4D50-8E90-5AA3505D64E1}.AppStore|Any CPU.Build.0 = Release|Any CPU
		{4ED19CD5-3C3A-4D50-8E90-5AA3505D64E1}.AppStore|ARM.ActiveCfg = Release|Any CPU
		{4ED19CD5-3C3A-4D50-8E90-5AA3505D64E1}.AppStore|ARM.Build.0 = Release|Any CPU
		{4ED19CD5-3C3A-4D50-8E90-5AA3505D64E1}.AppStore|iPhone.ActiveCfg = Release|Any CPU
		{4ED19CD5-3C3A-4D50-8E90-5AA3505D64E1}.AppStore|iPhone.Build.0 = Release|Any CPU
		{4ED19CD5-3C3A-4D50-8E90-5AA3505D64E1}.AppStore|iPhoneSimulator.ActiveCfg = Release|Any CPU
		{4ED19CD5-3C3A-4D50-8E90-5AA3505D64E1}.AppStore|iPhoneSimulator.Build.0 = Release|Any CPU
		{4ED19CD5-3C3A-4D50-8E90-5AA3505D64E1}.AppStore|x64.ActiveCfg = Release|Any CPU
		{4ED19CD5-3C3A-4D50-8E90-5AA3505D64E1}.AppStore|x64.Build.0 = Release|Any CPU
		{4ED19CD5-3C3A-4D50-8E90-5AA3505D64E1}.AppStore|x86.ActiveCfg = Release|Any CPU
		{4ED19CD5-3C3A-4D50-8E90-5AA3505D64E1}.AppStore|x86.Build.0 = Release|Any CPU
		{4ED19CD5-3C3A-4D50-8E90-5AA3505D64E1}.Debug|Any CPU.ActiveCfg = Debug|Any CPU
		{4ED19CD5-3C3A-4D50-8E90-5AA3505D64E1}.Debug|Any CPU.Build.0 = Debug|Any CPU
		{4ED19CD5-3C3A-4D50-8E90-5AA3505D64E1}.Debug|ARM.ActiveCfg = Debug|Any CPU
		{4ED19CD5-3C3A-4D50-8E90-5AA3505D64E1}.Debug|ARM.Build.0 = Debug|Any CPU
		{4ED19CD5-3C3A-4D50-8E90-5AA3505D64E1}.Debug|iPhone.ActiveCfg = Debug|Any CPU
		{4ED19CD5-3C3A-4D50-8E90-5AA3505D64E1}.Debug|iPhone.Build.0 = Debug|Any CPU
		{4ED19CD5-3C3A-4D50-8E90-5AA3505D64E1}.Debug|iPhoneSimulator.ActiveCfg = Debug|Any CPU
		{4ED19CD5-3C3A-4D50-8E90-5AA3505D64E1}.Debug|iPhoneSimulator.Build.0 = Debug|Any CPU
		{4ED19CD5-3C3A-4D50-8E90-5AA3505D64E1}.Debug|x64.ActiveCfg = Debug|Any CPU
		{4ED19CD5-3C3A-4D50-8E90-5AA3505D64E1}.Debug|x64.Build.0 = Debug|Any CPU
		{4ED19CD5-3C3A-4D50-8E90-5AA3505D64E1}.Debug|x86.ActiveCfg = Debug|Any CPU
		{4ED19CD5-3C3A-4D50-8E90-5AA3505D64E1}.Debug|x86.Build.0 = Debug|Any CPU
		{4ED19CD5-3C3A-4D50-8E90-5AA3505D64E1}.Debug-Mock|Any CPU.ActiveCfg = Debug|Any CPU
		{4ED19CD5-3C3A-4D50-8E90-5AA3505D64E1}.Debug-Mock|Any CPU.Build.0 = Debug|Any CPU
		{4ED19CD5-3C3A-4D50-8E90-5AA3505D64E1}.Debug-Mock|ARM.ActiveCfg = Debug|Any CPU
		{4ED19CD5-3C3A-4D50-8E90-5AA3505D64E1}.Debug-Mock|ARM.Build.0 = Debug|Any CPU
		{4ED19CD5-3C3A-4D50-8E90-5AA3505D64E1}.Debug-Mock|iPhone.ActiveCfg = Debug|Any CPU
		{4ED19CD5-3C3A-4D50-8E90-5AA3505D64E1}.Debug-Mock|iPhone.Build.0 = Debug|Any CPU
		{4ED19CD5-3C3A-4D50-8E90-5AA3505D64E1}.Debug-Mock|iPhoneSimulator.ActiveCfg = Debug|Any CPU
		{4ED19CD5-3C3A-4D50-8E90-5AA3505D64E1}.Debug-Mock|iPhoneSimulator.Build.0 = Debug|Any CPU
		{4ED19CD5-3C3A-4D50-8E90-5AA3505D64E1}.Debug-Mock|x64.ActiveCfg = Debug|Any CPU
		{4ED19CD5-3C3A-4D50-8E90-5AA3505D64E1}.Debug-Mock|x64.Build.0 = Debug|Any CPU
		{4ED19CD5-3C3A-4D50-8E90-5AA3505D64E1}.Debug-Mock|x86.ActiveCfg = Debug|Any CPU
		{4ED19CD5-3C3A-4D50-8E90-5AA3505D64E1}.Debug-Mock|x86.Build.0 = Debug|Any CPU
		{4ED19CD5-3C3A-4D50-8E90-5AA3505D64E1}.Release|Any CPU.ActiveCfg = Release|Any CPU
		{4ED19CD5-3C3A-4D50-8E90-5AA3505D64E1}.Release|Any CPU.Build.0 = Release|Any CPU
		{4ED19CD5-3C3A-4D50-8E90-5AA3505D64E1}.Release|ARM.ActiveCfg = Release|Any CPU
		{4ED19CD5-3C3A-4D50-8E90-5AA3505D64E1}.Release|ARM.Build.0 = Release|Any CPU
		{4ED19CD5-3C3A-4D50-8E90-5AA3505D64E1}.Release|iPhone.ActiveCfg = Release|Any CPU
		{4ED19CD5-3C3A-4D50-8E90-5AA3505D64E1}.Release|iPhone.Build.0 = Release|Any CPU
		{4ED19CD5-3C3A-4D50-8E90-5AA3505D64E1}.Release|iPhoneSimulator.ActiveCfg = Release|Any CPU
		{4ED19CD5-3C3A-4D50-8E90-5AA3505D64E1}.Release|iPhoneSimulator.Build.0 = Release|Any CPU
		{4ED19CD5-3C3A-4D50-8E90-5AA3505D64E1}.Release|x64.ActiveCfg = Release|Any CPU
		{4ED19CD5-3C3A-4D50-8E90-5AA3505D64E1}.Release|x64.Build.0 = Release|Any CPU
		{4ED19CD5-3C3A-4D50-8E90-5AA3505D64E1}.Release|x86.ActiveCfg = Release|Any CPU
		{4ED19CD5-3C3A-4D50-8E90-5AA3505D64E1}.Release|x86.Build.0 = Release|Any CPU
		{91970960-0E03-43EF-AF2C-B524BAEC921A}.Ad-Hoc|Any CPU.ActiveCfg = Release|Any CPU
		{91970960-0E03-43EF-AF2C-B524BAEC921A}.Ad-Hoc|Any CPU.Build.0 = Release|Any CPU
		{91970960-0E03-43EF-AF2C-B524BAEC921A}.Ad-Hoc|Any CPU.Deploy.0 = Release|Any CPU
		{91970960-0E03-43EF-AF2C-B524BAEC921A}.Ad-Hoc|ARM.ActiveCfg = Release|Any CPU
		{91970960-0E03-43EF-AF2C-B524BAEC921A}.Ad-Hoc|ARM.Build.0 = Release|Any CPU
		{91970960-0E03-43EF-AF2C-B524BAEC921A}.Ad-Hoc|ARM.Deploy.0 = Release|Any CPU
		{91970960-0E03-43EF-AF2C-B524BAEC921A}.Ad-Hoc|iPhone.ActiveCfg = Release|Any CPU
		{91970960-0E03-43EF-AF2C-B524BAEC921A}.Ad-Hoc|iPhone.Build.0 = Release|Any CPU
		{91970960-0E03-43EF-AF2C-B524BAEC921A}.Ad-Hoc|iPhone.Deploy.0 = Release|Any CPU
		{91970960-0E03-43EF-AF2C-B524BAEC921A}.Ad-Hoc|iPhoneSimulator.ActiveCfg = Release|Any CPU
		{91970960-0E03-43EF-AF2C-B524BAEC921A}.Ad-Hoc|iPhoneSimulator.Build.0 = Release|Any CPU
		{91970960-0E03-43EF-AF2C-B524BAEC921A}.Ad-Hoc|iPhoneSimulator.Deploy.0 = Release|Any CPU
		{91970960-0E03-43EF-AF2C-B524BAEC921A}.Ad-Hoc|x64.ActiveCfg = Release|Any CPU
		{91970960-0E03-43EF-AF2C-B524BAEC921A}.Ad-Hoc|x64.Build.0 = Release|Any CPU
		{91970960-0E03-43EF-AF2C-B524BAEC921A}.Ad-Hoc|x64.Deploy.0 = Release|Any CPU
		{91970960-0E03-43EF-AF2C-B524BAEC921A}.Ad-Hoc|x86.ActiveCfg = Release|Any CPU
		{91970960-0E03-43EF-AF2C-B524BAEC921A}.Ad-Hoc|x86.Build.0 = Release|Any CPU
		{91970960-0E03-43EF-AF2C-B524BAEC921A}.Ad-Hoc|x86.Deploy.0 = Release|Any CPU
		{91970960-0E03-43EF-AF2C-B524BAEC921A}.AppStore|Any CPU.ActiveCfg = Release|Any CPU
		{91970960-0E03-43EF-AF2C-B524BAEC921A}.AppStore|Any CPU.Build.0 = Release|Any CPU
		{91970960-0E03-43EF-AF2C-B524BAEC921A}.AppStore|Any CPU.Deploy.0 = Release|Any CPU
		{91970960-0E03-43EF-AF2C-B524BAEC921A}.AppStore|ARM.ActiveCfg = Release|Any CPU
		{91970960-0E03-43EF-AF2C-B524BAEC921A}.AppStore|ARM.Build.0 = Release|Any CPU
		{91970960-0E03-43EF-AF2C-B524BAEC921A}.AppStore|ARM.Deploy.0 = Release|Any CPU
		{91970960-0E03-43EF-AF2C-B524BAEC921A}.AppStore|iPhone.ActiveCfg = Release|Any CPU
		{91970960-0E03-43EF-AF2C-B524BAEC921A}.AppStore|iPhone.Build.0 = Release|Any CPU
		{91970960-0E03-43EF-AF2C-B524BAEC921A}.AppStore|iPhone.Deploy.0 = Release|Any CPU
		{91970960-0E03-43EF-AF2C-B524BAEC921A}.AppStore|iPhoneSimulator.ActiveCfg = Release|Any CPU
		{91970960-0E03-43EF-AF2C-B524BAEC921A}.AppStore|iPhoneSimulator.Build.0 = Release|Any CPU
		{91970960-0E03-43EF-AF2C-B524BAEC921A}.AppStore|iPhoneSimulator.Deploy.0 = Release|Any CPU
		{91970960-0E03-43EF-AF2C-B524BAEC921A}.AppStore|x64.ActiveCfg = Release|Any CPU
		{91970960-0E03-43EF-AF2C-B524BAEC921A}.AppStore|x64.Build.0 = Release|Any CPU
		{91970960-0E03-43EF-AF2C-B524BAEC921A}.AppStore|x64.Deploy.0 = Release|Any CPU
		{91970960-0E03-43EF-AF2C-B524BAEC921A}.AppStore|x86.ActiveCfg = Release|Any CPU
		{91970960-0E03-43EF-AF2C-B524BAEC921A}.AppStore|x86.Build.0 = Release|Any CPU
		{91970960-0E03-43EF-AF2C-B524BAEC921A}.AppStore|x86.Deploy.0 = Release|Any CPU
		{91970960-0E03-43EF-AF2C-B524BAEC921A}.Debug|Any CPU.ActiveCfg = Debug|Any CPU
		{91970960-0E03-43EF-AF2C-B524BAEC921A}.Debug|Any CPU.Build.0 = Debug|Any CPU
		{91970960-0E03-43EF-AF2C-B524BAEC921A}.Debug|Any CPU.Deploy.0 = Debug|Any CPU
		{91970960-0E03-43EF-AF2C-B524BAEC921A}.Debug|ARM.ActiveCfg = Debug|Any CPU
		{91970960-0E03-43EF-AF2C-B524BAEC921A}.Debug|ARM.Build.0 = Debug|Any CPU
		{91970960-0E03-43EF-AF2C-B524BAEC921A}.Debug|ARM.Deploy.0 = Debug|Any CPU
		{91970960-0E03-43EF-AF2C-B524BAEC921A}.Debug|iPhone.ActiveCfg = Debug|Any CPU
		{91970960-0E03-43EF-AF2C-B524BAEC921A}.Debug|iPhone.Build.0 = Debug|Any CPU
		{91970960-0E03-43EF-AF2C-B524BAEC921A}.Debug|iPhone.Deploy.0 = Debug|Any CPU
		{91970960-0E03-43EF-AF2C-B524BAEC921A}.Debug|iPhoneSimulator.ActiveCfg = Debug|Any CPU
		{91970960-0E03-43EF-AF2C-B524BAEC921A}.Debug|iPhoneSimulator.Build.0 = Debug|Any CPU
		{91970960-0E03-43EF-AF2C-B524BAEC921A}.Debug|iPhoneSimulator.Deploy.0 = Debug|Any CPU
		{91970960-0E03-43EF-AF2C-B524BAEC921A}.Debug|x64.ActiveCfg = Debug|Any CPU
		{91970960-0E03-43EF-AF2C-B524BAEC921A}.Debug|x64.Build.0 = Debug|Any CPU
		{91970960-0E03-43EF-AF2C-B524BAEC921A}.Debug|x64.Deploy.0 = Debug|Any CPU
		{91970960-0E03-43EF-AF2C-B524BAEC921A}.Debug|x86.ActiveCfg = Debug|Any CPU
		{91970960-0E03-43EF-AF2C-B524BAEC921A}.Debug|x86.Build.0 = Debug|Any CPU
		{91970960-0E03-43EF-AF2C-B524BAEC921A}.Debug|x86.Deploy.0 = Debug|Any CPU
		{91970960-0E03-43EF-AF2C-B524BAEC921A}.Debug-Mock|Any CPU.ActiveCfg = Debug|Any CPU
		{91970960-0E03-43EF-AF2C-B524BAEC921A}.Debug-Mock|Any CPU.Build.0 = Debug|Any CPU
		{91970960-0E03-43EF-AF2C-B524BAEC921A}.Debug-Mock|Any CPU.Deploy.0 = Debug|Any CPU
		{91970960-0E03-43EF-AF2C-B524BAEC921A}.Debug-Mock|ARM.ActiveCfg = Debug|Any CPU
		{91970960-0E03-43EF-AF2C-B524BAEC921A}.Debug-Mock|ARM.Build.0 = Debug|Any CPU
		{91970960-0E03-43EF-AF2C-B524BAEC921A}.Debug-Mock|ARM.Deploy.0 = Debug|Any CPU
		{91970960-0E03-43EF-AF2C-B524BAEC921A}.Debug-Mock|iPhone.ActiveCfg = Debug|Any CPU
		{91970960-0E03-43EF-AF2C-B524BAEC921A}.Debug-Mock|iPhone.Build.0 = Debug|Any CPU
		{91970960-0E03-43EF-AF2C-B524BAEC921A}.Debug-Mock|iPhone.Deploy.0 = Debug|Any CPU
		{91970960-0E03-43EF-AF2C-B524BAEC921A}.Debug-Mock|iPhoneSimulator.ActiveCfg = Debug|Any CPU
		{91970960-0E03-43EF-AF2C-B524BAEC921A}.Debug-Mock|iPhoneSimulator.Build.0 = Debug|Any CPU
		{91970960-0E03-43EF-AF2C-B524BAEC921A}.Debug-Mock|iPhoneSimulator.Deploy.0 = Debug|Any CPU
		{91970960-0E03-43EF-AF2C-B524BAEC921A}.Debug-Mock|x64.ActiveCfg = Debug|Any CPU
		{91970960-0E03-43EF-AF2C-B524BAEC921A}.Debug-Mock|x64.Build.0 = Debug|Any CPU
		{91970960-0E03-43EF-AF2C-B524BAEC921A}.Debug-Mock|x64.Deploy.0 = Debug|Any CPU
		{91970960-0E03-43EF-AF2C-B524BAEC921A}.Debug-Mock|x86.ActiveCfg = Debug|Any CPU
		{91970960-0E03-43EF-AF2C-B524BAEC921A}.Debug-Mock|x86.Build.0 = Debug|Any CPU
		{91970960-0E03-43EF-AF2C-B524BAEC921A}.Debug-Mock|x86.Deploy.0 = Debug|Any CPU
		{91970960-0E03-43EF-AF2C-B524BAEC921A}.Release|Any CPU.ActiveCfg = Release|Any CPU
		{91970960-0E03-43EF-AF2C-B524BAEC921A}.Release|Any CPU.Build.0 = Release|Any CPU
		{91970960-0E03-43EF-AF2C-B524BAEC921A}.Release|Any CPU.Deploy.0 = Release|Any CPU
		{91970960-0E03-43EF-AF2C-B524BAEC921A}.Release|ARM.ActiveCfg = Release|Any CPU
		{91970960-0E03-43EF-AF2C-B524BAEC921A}.Release|ARM.Build.0 = Release|Any CPU
		{91970960-0E03-43EF-AF2C-B524BAEC921A}.Release|ARM.Deploy.0 = Release|Any CPU
		{91970960-0E03-43EF-AF2C-B524BAEC921A}.Release|iPhone.ActiveCfg = Release|Any CPU
		{91970960-0E03-43EF-AF2C-B524BAEC921A}.Release|iPhone.Build.0 = Release|Any CPU
		{91970960-0E03-43EF-AF2C-B524BAEC921A}.Release|iPhone.Deploy.0 = Release|Any CPU
		{91970960-0E03-43EF-AF2C-B524BAEC921A}.Release|iPhoneSimulator.ActiveCfg = Release|Any CPU
		{91970960-0E03-43EF-AF2C-B524BAEC921A}.Release|iPhoneSimulator.Build.0 = Release|Any CPU
		{91970960-0E03-43EF-AF2C-B524BAEC921A}.Release|iPhoneSimulator.Deploy.0 = Release|Any CPU
		{91970960-0E03-43EF-AF2C-B524BAEC921A}.Release|x64.ActiveCfg = Release|Any CPU
		{91970960-0E03-43EF-AF2C-B524BAEC921A}.Release|x64.Build.0 = Release|Any CPU
		{91970960-0E03-43EF-AF2C-B524BAEC921A}.Release|x64.Deploy.0 = Release|Any CPU
		{91970960-0E03-43EF-AF2C-B524BAEC921A}.Release|x86.ActiveCfg = Release|Any CPU
		{91970960-0E03-43EF-AF2C-B524BAEC921A}.Release|x86.Build.0 = Release|Any CPU
		{91970960-0E03-43EF-AF2C-B524BAEC921A}.Release|x86.Deploy.0 = Release|Any CPU
		{C15081BF-0C93-49D3-947C-6B36D611517D}.Ad-Hoc|Any CPU.ActiveCfg = Release|Any CPU
		{C15081BF-0C93-49D3-947C-6B36D611517D}.Ad-Hoc|Any CPU.Build.0 = Release|Any CPU
		{C15081BF-0C93-49D3-947C-6B36D611517D}.Ad-Hoc|ARM.ActiveCfg = Release|Any CPU
		{C15081BF-0C93-49D3-947C-6B36D611517D}.Ad-Hoc|ARM.Build.0 = Release|Any CPU
		{C15081BF-0C93-49D3-947C-6B36D611517D}.Ad-Hoc|iPhone.ActiveCfg = Release|Any CPU
		{C15081BF-0C93-49D3-947C-6B36D611517D}.Ad-Hoc|iPhone.Build.0 = Release|Any CPU
		{C15081BF-0C93-49D3-947C-6B36D611517D}.Ad-Hoc|iPhoneSimulator.ActiveCfg = Release|Any CPU
		{C15081BF-0C93-49D3-947C-6B36D611517D}.Ad-Hoc|iPhoneSimulator.Build.0 = Release|Any CPU
		{C15081BF-0C93-49D3-947C-6B36D611517D}.Ad-Hoc|x64.ActiveCfg = Release|Any CPU
		{C15081BF-0C93-49D3-947C-6B36D611517D}.Ad-Hoc|x64.Build.0 = Release|Any CPU
		{C15081BF-0C93-49D3-947C-6B36D611517D}.Ad-Hoc|x86.ActiveCfg = Release|Any CPU
		{C15081BF-0C93-49D3-947C-6B36D611517D}.Ad-Hoc|x86.Build.0 = Release|Any CPU
		{C15081BF-0C93-49D3-947C-6B36D611517D}.AppStore|Any CPU.ActiveCfg = Release|Any CPU
		{C15081BF-0C93-49D3-947C-6B36D611517D}.AppStore|Any CPU.Build.0 = Release|Any CPU
		{C15081BF-0C93-49D3-947C-6B36D611517D}.AppStore|ARM.ActiveCfg = Release|Any CPU
		{C15081BF-0C93-49D3-947C-6B36D611517D}.AppStore|ARM.Build.0 = Release|Any CPU
		{C15081BF-0C93-49D3-947C-6B36D611517D}.AppStore|iPhone.ActiveCfg = Release|Any CPU
		{C15081BF-0C93-49D3-947C-6B36D611517D}.AppStore|iPhone.Build.0 = Release|Any CPU
		{C15081BF-0C93-49D3-947C-6B36D611517D}.AppStore|iPhoneSimulator.ActiveCfg = Release|Any CPU
		{C15081BF-0C93-49D3-947C-6B36D611517D}.AppStore|iPhoneSimulator.Build.0 = Release|Any CPU
		{C15081BF-0C93-49D3-947C-6B36D611517D}.AppStore|x64.ActiveCfg = Release|Any CPU
		{C15081BF-0C93-49D3-947C-6B36D611517D}.AppStore|x64.Build.0 = Release|Any CPU
		{C15081BF-0C93-49D3-947C-6B36D611517D}.AppStore|x86.ActiveCfg = Release|Any CPU
		{C15081BF-0C93-49D3-947C-6B36D611517D}.AppStore|x86.Build.0 = Release|Any CPU
		{C15081BF-0C93-49D3-947C-6B36D611517D}.Debug|Any CPU.ActiveCfg = Debug|Any CPU
		{C15081BF-0C93-49D3-947C-6B36D611517D}.Debug|Any CPU.Build.0 = Debug|Any CPU
		{C15081BF-0C93-49D3-947C-6B36D611517D}.Debug|ARM.ActiveCfg = Debug|Any CPU
		{C15081BF-0C93-49D3-947C-6B36D611517D}.Debug|ARM.Build.0 = Debug|Any CPU
		{C15081BF-0C93-49D3-947C-6B36D611517D}.Debug|iPhone.ActiveCfg = Debug|Any CPU
		{C15081BF-0C93-49D3-947C-6B36D611517D}.Debug|iPhone.Build.0 = Debug|Any CPU
		{C15081BF-0C93-49D3-947C-6B36D611517D}.Debug|iPhoneSimulator.ActiveCfg = Debug|Any CPU
		{C15081BF-0C93-49D3-947C-6B36D611517D}.Debug|iPhoneSimulator.Build.0 = Debug|Any CPU
		{C15081BF-0C93-49D3-947C-6B36D611517D}.Debug|x64.ActiveCfg = Debug|Any CPU
		{C15081BF-0C93-49D3-947C-6B36D611517D}.Debug|x64.Build.0 = Debug|Any CPU
		{C15081BF-0C93-49D3-947C-6B36D611517D}.Debug|x86.ActiveCfg = Debug|Any CPU
		{C15081BF-0C93-49D3-947C-6B36D611517D}.Debug|x86.Build.0 = Debug|Any CPU
		{C15081BF-0C93-49D3-947C-6B36D611517D}.Debug-Mock|Any CPU.ActiveCfg = Debug|Any CPU
		{C15081BF-0C93-49D3-947C-6B36D611517D}.Debug-Mock|Any CPU.Build.0 = Debug|Any CPU
		{C15081BF-0C93-49D3-947C-6B36D611517D}.Debug-Mock|ARM.ActiveCfg = Debug|Any CPU
		{C15081BF-0C93-49D3-947C-6B36D611517D}.Debug-Mock|ARM.Build.0 = Debug|Any CPU
		{C15081BF-0C93-49D3-947C-6B36D611517D}.Debug-Mock|iPhone.ActiveCfg = Debug|Any CPU
		{C15081BF-0C93-49D3-947C-6B36D611517D}.Debug-Mock|iPhone.Build.0 = Debug|Any CPU
		{C15081BF-0C93-49D3-947C-6B36D611517D}.Debug-Mock|iPhoneSimulator.ActiveCfg = Debug|Any CPU
		{C15081BF-0C93-49D3-947C-6B36D611517D}.Debug-Mock|iPhoneSimulator.Build.0 = Debug|Any CPU
		{C15081BF-0C93-49D3-947C-6B36D611517D}.Debug-Mock|x64.ActiveCfg = Debug|Any CPU
		{C15081BF-0C93-49D3-947C-6B36D611517D}.Debug-Mock|x64.Build.0 = Debug|Any CPU
		{C15081BF-0C93-49D3-947C-6B36D611517D}.Debug-Mock|x86.ActiveCfg = Debug|Any CPU
		{C15081BF-0C93-49D3-947C-6B36D611517D}.Debug-Mock|x86.Build.0 = Debug|Any CPU
		{C15081BF-0C93-49D3-947C-6B36D611517D}.Release|Any CPU.ActiveCfg = Release|Any CPU
		{C15081BF-0C93-49D3-947C-6B36D611517D}.Release|Any CPU.Build.0 = Release|Any CPU
		{C15081BF-0C93-49D3-947C-6B36D611517D}.Release|ARM.ActiveCfg = Release|Any CPU
		{C15081BF-0C93-49D3-947C-6B36D611517D}.Release|ARM.Build.0 = Release|Any CPU
		{C15081BF-0C93-49D3-947C-6B36D611517D}.Release|iPhone.ActiveCfg = Release|Any CPU
		{C15081BF-0C93-49D3-947C-6B36D611517D}.Release|iPhone.Build.0 = Release|Any CPU
		{C15081BF-0C93-49D3-947C-6B36D611517D}.Release|iPhoneSimulator.ActiveCfg = Release|Any CPU
		{C15081BF-0C93-49D3-947C-6B36D611517D}.Release|iPhoneSimulator.Build.0 = Release|Any CPU
		{C15081BF-0C93-49D3-947C-6B36D611517D}.Release|x64.ActiveCfg = Release|Any CPU
		{C15081BF-0C93-49D3-947C-6B36D611517D}.Release|x64.Build.0 = Release|Any CPU
		{C15081BF-0C93-49D3-947C-6B36D611517D}.Release|x86.ActiveCfg = Release|Any CPU
		{C15081BF-0C93-49D3-947C-6B36D611517D}.Release|x86.Build.0 = Release|Any CPU
		{1EA914FF-EAE6-4A19-9796-AC4EAC23674D}.Ad-Hoc|Any CPU.ActiveCfg = Release|x86
		{1EA914FF-EAE6-4A19-9796-AC4EAC23674D}.Ad-Hoc|Any CPU.Build.0 = Release|x86
		{1EA914FF-EAE6-4A19-9796-AC4EAC23674D}.Ad-Hoc|Any CPU.Deploy.0 = Release|x86
		{1EA914FF-EAE6-4A19-9796-AC4EAC23674D}.Ad-Hoc|ARM.ActiveCfg = Release|ARM
		{1EA914FF-EAE6-4A19-9796-AC4EAC23674D}.Ad-Hoc|ARM.Build.0 = Release|ARM
		{1EA914FF-EAE6-4A19-9796-AC4EAC23674D}.Ad-Hoc|ARM.Deploy.0 = Release|ARM
		{1EA914FF-EAE6-4A19-9796-AC4EAC23674D}.Ad-Hoc|iPhone.ActiveCfg = Release|x86
		{1EA914FF-EAE6-4A19-9796-AC4EAC23674D}.Ad-Hoc|iPhone.Build.0 = Release|x86
		{1EA914FF-EAE6-4A19-9796-AC4EAC23674D}.Ad-Hoc|iPhone.Deploy.0 = Release|x86
		{1EA914FF-EAE6-4A19-9796-AC4EAC23674D}.Ad-Hoc|iPhoneSimulator.ActiveCfg = Release|x86
		{1EA914FF-EAE6-4A19-9796-AC4EAC23674D}.Ad-Hoc|iPhoneSimulator.Build.0 = Release|x86
		{1EA914FF-EAE6-4A19-9796-AC4EAC23674D}.Ad-Hoc|iPhoneSimulator.Deploy.0 = Release|x86
		{1EA914FF-EAE6-4A19-9796-AC4EAC23674D}.Ad-Hoc|x64.ActiveCfg = Release|x64
		{1EA914FF-EAE6-4A19-9796-AC4EAC23674D}.Ad-Hoc|x64.Build.0 = Release|x64
		{1EA914FF-EAE6-4A19-9796-AC4EAC23674D}.Ad-Hoc|x64.Deploy.0 = Release|x64
		{1EA914FF-EAE6-4A19-9796-AC4EAC23674D}.Ad-Hoc|x86.ActiveCfg = Release|x86
		{1EA914FF-EAE6-4A19-9796-AC4EAC23674D}.Ad-Hoc|x86.Build.0 = Release|x86
		{1EA914FF-EAE6-4A19-9796-AC4EAC23674D}.Ad-Hoc|x86.Deploy.0 = Release|x86
		{1EA914FF-EAE6-4A19-9796-AC4EAC23674D}.AppStore|Any CPU.ActiveCfg = Release|x86
		{1EA914FF-EAE6-4A19-9796-AC4EAC23674D}.AppStore|Any CPU.Build.0 = Release|x86
		{1EA914FF-EAE6-4A19-9796-AC4EAC23674D}.AppStore|Any CPU.Deploy.0 = Release|x86
		{1EA914FF-EAE6-4A19-9796-AC4EAC23674D}.AppStore|ARM.ActiveCfg = Release|ARM
		{1EA914FF-EAE6-4A19-9796-AC4EAC23674D}.AppStore|ARM.Build.0 = Release|ARM
		{1EA914FF-EAE6-4A19-9796-AC4EAC23674D}.AppStore|ARM.Deploy.0 = Release|ARM
		{1EA914FF-EAE6-4A19-9796-AC4EAC23674D}.AppStore|iPhone.ActiveCfg = Release|x86
		{1EA914FF-EAE6-4A19-9796-AC4EAC23674D}.AppStore|iPhone.Build.0 = Release|x86
		{1EA914FF-EAE6-4A19-9796-AC4EAC23674D}.AppStore|iPhone.Deploy.0 = Release|x86
		{1EA914FF-EAE6-4A19-9796-AC4EAC23674D}.AppStore|iPhoneSimulator.ActiveCfg = Release|x86
		{1EA914FF-EAE6-4A19-9796-AC4EAC23674D}.AppStore|iPhoneSimulator.Build.0 = Release|x86
		{1EA914FF-EAE6-4A19-9796-AC4EAC23674D}.AppStore|iPhoneSimulator.Deploy.0 = Release|x86
		{1EA914FF-EAE6-4A19-9796-AC4EAC23674D}.AppStore|x64.ActiveCfg = Release|x64
		{1EA914FF-EAE6-4A19-9796-AC4EAC23674D}.AppStore|x64.Build.0 = Release|x64
		{1EA914FF-EAE6-4A19-9796-AC4EAC23674D}.AppStore|x64.Deploy.0 = Release|x64
		{1EA914FF-EAE6-4A19-9796-AC4EAC23674D}.AppStore|x86.ActiveCfg = Release|x86
		{1EA914FF-EAE6-4A19-9796-AC4EAC23674D}.AppStore|x86.Build.0 = Release|x86
		{1EA914FF-EAE6-4A19-9796-AC4EAC23674D}.AppStore|x86.Deploy.0 = Release|x86
		{1EA914FF-EAE6-4A19-9796-AC4EAC23674D}.Debug|Any CPU.ActiveCfg = Debug|x86
		{1EA914FF-EAE6-4A19-9796-AC4EAC23674D}.Debug|Any CPU.Build.0 = Debug|x86
		{1EA914FF-EAE6-4A19-9796-AC4EAC23674D}.Debug|Any CPU.Deploy.0 = Debug|x86
		{1EA914FF-EAE6-4A19-9796-AC4EAC23674D}.Debug|ARM.ActiveCfg = Debug|ARM
		{1EA914FF-EAE6-4A19-9796-AC4EAC23674D}.Debug|ARM.Build.0 = Debug|ARM
		{1EA914FF-EAE6-4A19-9796-AC4EAC23674D}.Debug|ARM.Deploy.0 = Debug|ARM
		{1EA914FF-EAE6-4A19-9796-AC4EAC23674D}.Debug|iPhone.ActiveCfg = Debug|x86
		{1EA914FF-EAE6-4A19-9796-AC4EAC23674D}.Debug|iPhoneSimulator.ActiveCfg = Debug|x86
		{1EA914FF-EAE6-4A19-9796-AC4EAC23674D}.Debug|x64.ActiveCfg = Debug|x64
		{1EA914FF-EAE6-4A19-9796-AC4EAC23674D}.Debug|x64.Build.0 = Debug|x64
		{1EA914FF-EAE6-4A19-9796-AC4EAC23674D}.Debug|x64.Deploy.0 = Debug|x64
		{1EA914FF-EAE6-4A19-9796-AC4EAC23674D}.Debug|x86.ActiveCfg = Debug|x86
		{1EA914FF-EAE6-4A19-9796-AC4EAC23674D}.Debug|x86.Build.0 = Debug|x86
		{1EA914FF-EAE6-4A19-9796-AC4EAC23674D}.Debug|x86.Deploy.0 = Debug|x86
		{1EA914FF-EAE6-4A19-9796-AC4EAC23674D}.Debug-Mock|Any CPU.ActiveCfg = Release|x86
		{1EA914FF-EAE6-4A19-9796-AC4EAC23674D}.Debug-Mock|Any CPU.Build.0 = Release|x86
		{1EA914FF-EAE6-4A19-9796-AC4EAC23674D}.Debug-Mock|Any CPU.Deploy.0 = Release|x86
		{1EA914FF-EAE6-4A19-9796-AC4EAC23674D}.Debug-Mock|ARM.ActiveCfg = Debug|ARM
		{1EA914FF-EAE6-4A19-9796-AC4EAC23674D}.Debug-Mock|ARM.Build.0 = Debug|ARM
		{1EA914FF-EAE6-4A19-9796-AC4EAC23674D}.Debug-Mock|ARM.Deploy.0 = Debug|ARM
		{1EA914FF-EAE6-4A19-9796-AC4EAC23674D}.Debug-Mock|iPhone.ActiveCfg = Release|x86
		{1EA914FF-EAE6-4A19-9796-AC4EAC23674D}.Debug-Mock|iPhone.Build.0 = Release|x86
		{1EA914FF-EAE6-4A19-9796-AC4EAC23674D}.Debug-Mock|iPhone.Deploy.0 = Release|x86
		{1EA914FF-EAE6-4A19-9796-AC4EAC23674D}.Debug-Mock|iPhoneSimulator.ActiveCfg = Release|x86
		{1EA914FF-EAE6-4A19-9796-AC4EAC23674D}.Debug-Mock|iPhoneSimulator.Build.0 = Release|x86
		{1EA914FF-EAE6-4A19-9796-AC4EAC23674D}.Debug-Mock|iPhoneSimulator.Deploy.0 = Release|x86
		{1EA914FF-EAE6-4A19-9796-AC4EAC23674D}.Debug-Mock|x64.ActiveCfg = Debug|x64
		{1EA914FF-EAE6-4A19-9796-AC4EAC23674D}.Debug-Mock|x64.Build.0 = Debug|x64
		{1EA914FF-EAE6-4A19-9796-AC4EAC23674D}.Debug-Mock|x64.Deploy.0 = Debug|x64
		{1EA914FF-EAE6-4A19-9796-AC4EAC23674D}.Debug-Mock|x86.ActiveCfg = Debug|x86
		{1EA914FF-EAE6-4A19-9796-AC4EAC23674D}.Debug-Mock|x86.Build.0 = Debug|x86
		{1EA914FF-EAE6-4A19-9796-AC4EAC23674D}.Debug-Mock|x86.Deploy.0 = Debug|x86
		{1EA914FF-EAE6-4A19-9796-AC4EAC23674D}.Release|Any CPU.ActiveCfg = Release|x86
		{1EA914FF-EAE6-4A19-9796-AC4EAC23674D}.Release|ARM.ActiveCfg = Release|ARM
		{1EA914FF-EAE6-4A19-9796-AC4EAC23674D}.Release|ARM.Build.0 = Release|ARM
		{1EA914FF-EAE6-4A19-9796-AC4EAC23674D}.Release|ARM.Deploy.0 = Release|ARM
		{1EA914FF-EAE6-4A19-9796-AC4EAC23674D}.Release|iPhone.ActiveCfg = Release|x86
		{1EA914FF-EAE6-4A19-9796-AC4EAC23674D}.Release|iPhoneSimulator.ActiveCfg = Release|x86
		{1EA914FF-EAE6-4A19-9796-AC4EAC23674D}.Release|x64.ActiveCfg = Release|x64
		{1EA914FF-EAE6-4A19-9796-AC4EAC23674D}.Release|x64.Build.0 = Release|x64
		{1EA914FF-EAE6-4A19-9796-AC4EAC23674D}.Release|x64.Deploy.0 = Release|x64
		{1EA914FF-EAE6-4A19-9796-AC4EAC23674D}.Release|x86.ActiveCfg = Release|x86
		{1EA914FF-EAE6-4A19-9796-AC4EAC23674D}.Release|x86.Build.0 = Release|x86
		{1EA914FF-EAE6-4A19-9796-AC4EAC23674D}.Release|x86.Deploy.0 = Release|x86
		{99B1CDBD-3B14-40A7-ADDF-261E1EF0DF4D}.Ad-Hoc|Any CPU.ActiveCfg = Ad-Hoc|iPhone
		{99B1CDBD-3B14-40A7-ADDF-261E1EF0DF4D}.Ad-Hoc|ARM.ActiveCfg = Ad-Hoc|iPhone
		{99B1CDBD-3B14-40A7-ADDF-261E1EF0DF4D}.Ad-Hoc|iPhone.ActiveCfg = Ad-Hoc|iPhone
		{99B1CDBD-3B14-40A7-ADDF-261E1EF0DF4D}.Ad-Hoc|iPhone.Build.0 = Ad-Hoc|iPhone
		{99B1CDBD-3B14-40A7-ADDF-261E1EF0DF4D}.Ad-Hoc|iPhoneSimulator.ActiveCfg = Ad-Hoc|iPhoneSimulator
		{99B1CDBD-3B14-40A7-ADDF-261E1EF0DF4D}.Ad-Hoc|iPhoneSimulator.Build.0 = Ad-Hoc|iPhoneSimulator
		{99B1CDBD-3B14-40A7-ADDF-261E1EF0DF4D}.Ad-Hoc|x64.ActiveCfg = Ad-Hoc|iPhone
		{99B1CDBD-3B14-40A7-ADDF-261E1EF0DF4D}.Ad-Hoc|x86.ActiveCfg = Ad-Hoc|iPhone
		{99B1CDBD-3B14-40A7-ADDF-261E1EF0DF4D}.AppStore|Any CPU.ActiveCfg = AppStore|iPhone
		{99B1CDBD-3B14-40A7-ADDF-261E1EF0DF4D}.AppStore|ARM.ActiveCfg = AppStore|iPhone
		{99B1CDBD-3B14-40A7-ADDF-261E1EF0DF4D}.AppStore|iPhone.ActiveCfg = AppStore|iPhone
		{99B1CDBD-3B14-40A7-ADDF-261E1EF0DF4D}.AppStore|iPhone.Build.0 = AppStore|iPhone
		{99B1CDBD-3B14-40A7-ADDF-261E1EF0DF4D}.AppStore|iPhoneSimulator.ActiveCfg = AppStore|iPhoneSimulator
		{99B1CDBD-3B14-40A7-ADDF-261E1EF0DF4D}.AppStore|iPhoneSimulator.Build.0 = AppStore|iPhoneSimulator
		{99B1CDBD-3B14-40A7-ADDF-261E1EF0DF4D}.AppStore|x64.ActiveCfg = AppStore|iPhone
		{99B1CDBD-3B14-40A7-ADDF-261E1EF0DF4D}.AppStore|x86.ActiveCfg = AppStore|iPhone
		{99B1CDBD-3B14-40A7-ADDF-261E1EF0DF4D}.Debug|Any CPU.ActiveCfg = Debug|iPhone
		{99B1CDBD-3B14-40A7-ADDF-261E1EF0DF4D}.Debug|Any CPU.Build.0 = Debug|iPhone
		{99B1CDBD-3B14-40A7-ADDF-261E1EF0DF4D}.Debug|ARM.ActiveCfg = Debug|iPhone
		{99B1CDBD-3B14-40A7-ADDF-261E1EF0DF4D}.Debug|iPhone.ActiveCfg = Debug|iPhone
		{99B1CDBD-3B14-40A7-ADDF-261E1EF0DF4D}.Debug|iPhone.Build.0 = Debug|iPhone
		{99B1CDBD-3B14-40A7-ADDF-261E1EF0DF4D}.Debug|iPhoneSimulator.ActiveCfg = Debug|iPhoneSimulator
		{99B1CDBD-3B14-40A7-ADDF-261E1EF0DF4D}.Debug|iPhoneSimulator.Build.0 = Debug|iPhoneSimulator
		{99B1CDBD-3B14-40A7-ADDF-261E1EF0DF4D}.Debug|x64.ActiveCfg = Debug|iPhone
		{99B1CDBD-3B14-40A7-ADDF-261E1EF0DF4D}.Debug|x86.ActiveCfg = Debug|iPhone
		{99B1CDBD-3B14-40A7-ADDF-261E1EF0DF4D}.Debug-Mock|Any CPU.ActiveCfg = AppStore|iPhone
		{99B1CDBD-3B14-40A7-ADDF-261E1EF0DF4D}.Debug-Mock|Any CPU.Build.0 = AppStore|iPhone
		{99B1CDBD-3B14-40A7-ADDF-261E1EF0DF4D}.Debug-Mock|ARM.ActiveCfg = AppStore|iPhone
		{99B1CDBD-3B14-40A7-ADDF-261E1EF0DF4D}.Debug-Mock|ARM.Build.0 = AppStore|iPhone
		{99B1CDBD-3B14-40A7-ADDF-261E1EF0DF4D}.Debug-Mock|iPhone.ActiveCfg = Debug|iPhone
		{99B1CDBD-3B14-40A7-ADDF-261E1EF0DF4D}.Debug-Mock|iPhone.Build.0 = Debug|iPhone
		{99B1CDBD-3B14-40A7-ADDF-261E1EF0DF4D}.Debug-Mock|iPhoneSimulator.ActiveCfg = Debug|iPhoneSimulator
		{99B1CDBD-3B14-40A7-ADDF-261E1EF0DF4D}.Debug-Mock|iPhoneSimulator.Build.0 = Debug|iPhoneSimulator
		{99B1CDBD-3B14-40A7-ADDF-261E1EF0DF4D}.Debug-Mock|x64.ActiveCfg = AppStore|iPhone
		{99B1CDBD-3B14-40A7-ADDF-261E1EF0DF4D}.Debug-Mock|x64.Build.0 = AppStore|iPhone
		{99B1CDBD-3B14-40A7-ADDF-261E1EF0DF4D}.Debug-Mock|x86.ActiveCfg = AppStore|iPhone
		{99B1CDBD-3B14-40A7-ADDF-261E1EF0DF4D}.Debug-Mock|x86.Build.0 = AppStore|iPhone
		{99B1CDBD-3B14-40A7-ADDF-261E1EF0DF4D}.Release|Any CPU.ActiveCfg = Release|iPhone
		{99B1CDBD-3B14-40A7-ADDF-261E1EF0DF4D}.Release|ARM.ActiveCfg = Release|iPhone
		{99B1CDBD-3B14-40A7-ADDF-261E1EF0DF4D}.Release|iPhone.ActiveCfg = Release|iPhone
		{99B1CDBD-3B14-40A7-ADDF-261E1EF0DF4D}.Release|iPhone.Build.0 = Release|iPhone
		{99B1CDBD-3B14-40A7-ADDF-261E1EF0DF4D}.Release|iPhoneSimulator.ActiveCfg = Release|iPhoneSimulator
		{99B1CDBD-3B14-40A7-ADDF-261E1EF0DF4D}.Release|iPhoneSimulator.Build.0 = Release|iPhoneSimulator
		{99B1CDBD-3B14-40A7-ADDF-261E1EF0DF4D}.Release|x64.ActiveCfg = Release|iPhone
		{99B1CDBD-3B14-40A7-ADDF-261E1EF0DF4D}.Release|x86.ActiveCfg = Release|iPhone
		{87D3059C-3E5A-440A-9E41-1D812540B074}.Ad-Hoc|Any CPU.ActiveCfg = Release|Any CPU
		{87D3059C-3E5A-440A-9E41-1D812540B074}.Ad-Hoc|Any CPU.Build.0 = Release|Any CPU
		{87D3059C-3E5A-440A-9E41-1D812540B074}.Ad-Hoc|ARM.ActiveCfg = Release|ARM
		{87D3059C-3E5A-440A-9E41-1D812540B074}.Ad-Hoc|ARM.Build.0 = Release|ARM
		{87D3059C-3E5A-440A-9E41-1D812540B074}.Ad-Hoc|iPhone.ActiveCfg = Release|Any CPU
		{87D3059C-3E5A-440A-9E41-1D812540B074}.Ad-Hoc|iPhone.Build.0 = Release|Any CPU
		{87D3059C-3E5A-440A-9E41-1D812540B074}.Ad-Hoc|iPhoneSimulator.ActiveCfg = Release|Any CPU
		{87D3059C-3E5A-440A-9E41-1D812540B074}.Ad-Hoc|iPhoneSimulator.Build.0 = Release|Any CPU
		{87D3059C-3E5A-440A-9E41-1D812540B074}.Ad-Hoc|x64.ActiveCfg = Release|x64
		{87D3059C-3E5A-440A-9E41-1D812540B074}.Ad-Hoc|x64.Build.0 = Release|x64
		{87D3059C-3E5A-440A-9E41-1D812540B074}.Ad-Hoc|x86.ActiveCfg = Release|x86
		{87D3059C-3E5A-440A-9E41-1D812540B074}.Ad-Hoc|x86.Build.0 = Release|x86
		{87D3059C-3E5A-440A-9E41-1D812540B074}.AppStore|Any CPU.ActiveCfg = Release|Any CPU
		{87D3059C-3E5A-440A-9E41-1D812540B074}.AppStore|Any CPU.Build.0 = Release|Any CPU
		{87D3059C-3E5A-440A-9E41-1D812540B074}.AppStore|ARM.ActiveCfg = Release|ARM
		{87D3059C-3E5A-440A-9E41-1D812540B074}.AppStore|ARM.Build.0 = Release|ARM
		{87D3059C-3E5A-440A-9E41-1D812540B074}.AppStore|iPhone.ActiveCfg = Release|Any CPU
		{87D3059C-3E5A-440A-9E41-1D812540B074}.AppStore|iPhone.Build.0 = Release|Any CPU
		{87D3059C-3E5A-440A-9E41-1D812540B074}.AppStore|iPhoneSimulator.ActiveCfg = Release|Any CPU
		{87D3059C-3E5A-440A-9E41-1D812540B074}.AppStore|iPhoneSimulator.Build.0 = Release|Any CPU
		{87D3059C-3E5A-440A-9E41-1D812540B074}.AppStore|x64.ActiveCfg = Release|x64
		{87D3059C-3E5A-440A-9E41-1D812540B074}.AppStore|x64.Build.0 = Release|x64
		{87D3059C-3E5A-440A-9E41-1D812540B074}.AppStore|x86.ActiveCfg = Release|x86
		{87D3059C-3E5A-440A-9E41-1D812540B074}.AppStore|x86.Build.0 = Release|x86
		{87D3059C-3E5A-440A-9E41-1D812540B074}.Debug|Any CPU.ActiveCfg = Debug|Any CPU
		{87D3059C-3E5A-440A-9E41-1D812540B074}.Debug|Any CPU.Build.0 = Debug|Any CPU
		{87D3059C-3E5A-440A-9E41-1D812540B074}.Debug|ARM.ActiveCfg = Debug|ARM
		{87D3059C-3E5A-440A-9E41-1D812540B074}.Debug|ARM.Build.0 = Debug|ARM
		{87D3059C-3E5A-440A-9E41-1D812540B074}.Debug|iPhone.ActiveCfg = Debug|Any CPU
		{87D3059C-3E5A-440A-9E41-1D812540B074}.Debug|iPhone.Build.0 = Debug|Any CPU
		{87D3059C-3E5A-440A-9E41-1D812540B074}.Debug|iPhoneSimulator.ActiveCfg = Debug|Any CPU
		{87D3059C-3E5A-440A-9E41-1D812540B074}.Debug|iPhoneSimulator.Build.0 = Debug|Any CPU
		{87D3059C-3E5A-440A-9E41-1D812540B074}.Debug|x64.ActiveCfg = Debug|x64
		{87D3059C-3E5A-440A-9E41-1D812540B074}.Debug|x64.Build.0 = Debug|x64
		{87D3059C-3E5A-440A-9E41-1D812540B074}.Debug|x86.ActiveCfg = Debug|x86
		{87D3059C-3E5A-440A-9E41-1D812540B074}.Debug|x86.Build.0 = Debug|x86
		{87D3059C-3E5A-440A-9E41-1D812540B074}.Debug-Mock|Any CPU.ActiveCfg = Debug|Any CPU
		{87D3059C-3E5A-440A-9E41-1D812540B074}.Debug-Mock|Any CPU.Build.0 = Debug|Any CPU
		{87D3059C-3E5A-440A-9E41-1D812540B074}.Debug-Mock|ARM.ActiveCfg = Debug|ARM
		{87D3059C-3E5A-440A-9E41-1D812540B074}.Debug-Mock|ARM.Build.0 = Debug|ARM
		{87D3059C-3E5A-440A-9E41-1D812540B074}.Debug-Mock|iPhone.ActiveCfg = Debug|Any CPU
		{87D3059C-3E5A-440A-9E41-1D812540B074}.Debug-Mock|iPhone.Build.0 = Debug|Any CPU
		{87D3059C-3E5A-440A-9E41-1D812540B074}.Debug-Mock|iPhoneSimulator.ActiveCfg = Debug|Any CPU
		{87D3059C-3E5A-440A-9E41-1D812540B074}.Debug-Mock|iPhoneSimulator.Build.0 = Debug|Any CPU
		{87D3059C-3E5A-440A-9E41-1D812540B074}.Debug-Mock|x64.ActiveCfg = Debug|x64
		{87D3059C-3E5A-440A-9E41-1D812540B074}.Debug-Mock|x64.Build.0 = Debug|x64
		{87D3059C-3E5A-440A-9E41-1D812540B074}.Debug-Mock|x86.ActiveCfg = Debug|x86
		{87D3059C-3E5A-440A-9E41-1D812540B074}.Debug-Mock|x86.Build.0 = Debug|x86
		{87D3059C-3E5A-440A-9E41-1D812540B074}.Release|Any CPU.ActiveCfg = Release|Any CPU
		{87D3059C-3E5A-440A-9E41-1D812540B074}.Release|Any CPU.Build.0 = Release|Any CPU
		{87D3059C-3E5A-440A-9E41-1D812540B074}.Release|ARM.ActiveCfg = Release|ARM
		{87D3059C-3E5A-440A-9E41-1D812540B074}.Release|ARM.Build.0 = Release|ARM
		{87D3059C-3E5A-440A-9E41-1D812540B074}.Release|iPhone.ActiveCfg = Release|Any CPU
		{87D3059C-3E5A-440A-9E41-1D812540B074}.Release|iPhone.Build.0 = Release|Any CPU
		{87D3059C-3E5A-440A-9E41-1D812540B074}.Release|iPhoneSimulator.ActiveCfg = Release|Any CPU
		{87D3059C-3E5A-440A-9E41-1D812540B074}.Release|iPhoneSimulator.Build.0 = Release|Any CPU
		{87D3059C-3E5A-440A-9E41-1D812540B074}.Release|x64.ActiveCfg = Release|x64
		{87D3059C-3E5A-440A-9E41-1D812540B074}.Release|x64.Build.0 = Release|x64
		{87D3059C-3E5A-440A-9E41-1D812540B074}.Release|x86.ActiveCfg = Release|x86
		{87D3059C-3E5A-440A-9E41-1D812540B074}.Release|x86.Build.0 = Release|x86
	EndGlobalSection
	GlobalSection(SolutionProperties) = preSolution
		HideSolutionNode = FALSE
	EndGlobalSection
	GlobalSection(NestedProjects) = preSolution
		{91C6EF7A-52AE-4461-B3C8-513BCDBC7DBC} = {46A5254F-5531-47D1-8746-DFA18E1C317F}
		{4B2DA32F-FD25-456D-92C3-98F3B8002D59} = {46A5254F-5531-47D1-8746-DFA18E1C317F}
		{4ED19CD5-3C3A-4D50-8E90-5AA3505D64E1} = {46A5254F-5531-47D1-8746-DFA18E1C317F}
		{91970960-0E03-43EF-AF2C-B524BAEC921A} = {8E0AFFBD-875C-4073-B2FB-014053D3BF2B}
		{C15081BF-0C93-49D3-947C-6B36D611517D} = {8E0AFFBD-875C-4073-B2FB-014053D3BF2B}
		{1EA914FF-EAE6-4A19-9796-AC4EAC23674D} = {8E0AFFBD-875C-4073-B2FB-014053D3BF2B}
		{99B1CDBD-3B14-40A7-ADDF-261E1EF0DF4D} = {8E0AFFBD-875C-4073-B2FB-014053D3BF2B}
		{87D3059C-3E5A-440A-9E41-1D812540B074} = {46A5254F-5531-47D1-8746-DFA18E1C317F}
	EndGlobalSection
EndGlobal
